
Microsoft Visual Studio Solution File, Format Version 12.00
# Visual Studio Version 17
VisualStudioVersion = 17.2.32616.157
MinimumVisualStudioVersion = 10.0.40219.1
Project("{FAE04EC0-301F-11D3-BF4B-00C04F79EFBC}") = "BossTrackerWindowsForm", "BossTrackerWindowsForm\BossTrackerWindowsForm.csproj", "{F9D97A03-ACB8-4B06-A86B-F6F539DA6A71}"
EndProject
Global
	GlobalSection(SolutionConfigurationPlatforms) = preSolution
		Debug|Any CPU = Debug|Any CPU
		Release|Any CPU = Release|Any CPU
	EndGlobalSection
	GlobalSection(ProjectConfigurationPlatforms) = postSolution
		{F9D97A03-ACB8-4B06-A86B-F6F539DA6A71}.Debug|Any CPU.ActiveCfg = Debug|Any CPU
		{F9D97A03-ACB8-4B06-A86B-F6F539DA6A71}.Debug|Any CPU.Build.0 = Debug|Any CPU
		{F9D97A03-ACB8-4B06-A86B-F6F539DA6A71}.Release|Any CPU.ActiveCfg = Release|Any CPU
		{F9D97A03-ACB8-4B06-A86B-F6F539DA6A71}.Release|Any CPU.Build.0 = Release|Any CPU
	EndGlobalSection
	GlobalSection(SolutionProperties) = preSolution
		HideSolutionNode = FALSE
	EndGlobalSection
	GlobalSection(ExtensibilityGlobals) = postSolution
		SolutionGuid = {D63CB95C-3700-4336-BE91-52E505630182}
	EndGlobalSection
EndGlobal
